
Microsoft Visual Studio Solution File, Format Version 12.00
# Visual Studio Version 17
VisualStudioVersion = 17.13.35605.110
MinimumVisualStudioVersion = 10.0.40219.1
Project("{FAE04EC0-301F-11D3-BF4B-00C04F79EFBC}") = "OliveBranch.Web", "OliveBranch.Web\OliveBranch.Web.csproj", "{7BE79DA4-F14D-41FA-A0A2-708FE2FADDE3}"
EndProject
Project("{FAE04EC0-301F-11D3-BF4B-00C04F79EFBC}") = "TheOliveBranch.Data", "TheOliveBranch.Data\TheOliveBranch.Data.csproj", "{E70FA2BF-F572-4857-989B-923558AFB784}"
EndProject
Project("{FAE04EC0-301F-11D3-BF4B-00C04F79EFBC}") = "TheOliveBranch.Models", "TheOliveBranch.Models\TheOliveBranch.Models.csproj", "{A5123C15-0AF7-4FE4-AC66-4472000928B6}"
EndProject
Project("{FAE04EC0-301F-11D3-BF4B-00C04F79EFBC}") = "TheOliveBranch.Utility", "TheOliveBranch.Utility\TheOliveBranch.Utility.csproj", "{457AEF29-7837-49AE-B25D-2AD5923F4511}"
EndProject
Project("{FAE04EC0-301F-11D3-BF4B-00C04F79EFBC}") = "TheOliveBranch.Contracts", "TheOliveBranch.Contracts\TheOliveBranch.Contracts.csproj", "{60CECCD3-FCF0-4E87-B162-6F8AB18EF61C}"
EndProject
Project("{FAE04EC0-301F-11D3-BF4B-00C04F79EFBC}") = "TheOliveBranch.Repo", "TheOliveBranch.Repo\TheOliveBranch.Repo.csproj", "{ADDE024E-317E-4BA1-B543-ABEC0F71657B}"
EndProject
Project("{00D1A9C2-B5F0-4AF3-8072-F6C62B433612}") = "TheOliveBranchDB", "TheOliveBranchDB\TheOliveBranchDB.sqlproj", "{512E2356-56C1-4ECD-8B88-75C8D00CE1E4}"
EndProject
Global
	GlobalSection(SolutionConfigurationPlatforms) = preSolution
		Debug|Any CPU = Debug|Any CPU
		Release|Any CPU = Release|Any CPU
	EndGlobalSection
	GlobalSection(ProjectConfigurationPlatforms) = postSolution
		{7BE79DA4-F14D-41FA-A0A2-708FE2FADDE3}.Debug|Any CPU.ActiveCfg = Debug|Any CPU
		{7BE79DA4-F14D-41FA-A0A2-708FE2FADDE3}.Debug|Any CPU.Build.0 = Debug|Any CPU
		{7BE79DA4-F14D-41FA-A0A2-708FE2FADDE3}.Release|Any CPU.ActiveCfg = Release|Any CPU
		{7BE79DA4-F14D-41FA-A0A2-708FE2FADDE3}.Release|Any CPU.Build.0 = Release|Any CPU
		{E70FA2BF-F572-4857-989B-923558AFB784}.Debug|Any CPU.ActiveCfg = Debug|Any CPU
		{E70FA2BF-F572-4857-989B-923558AFB784}.Debug|Any CPU.Build.0 = Debug|Any CPU
		{E70FA2BF-F572-4857-989B-923558AFB784}.Release|Any CPU.ActiveCfg = Release|Any CPU
		{E70FA2BF-F572-4857-989B-923558AFB784}.Release|Any CPU.Build.0 = Release|Any CPU
		{A5123C15-0AF7-4FE4-AC66-4472000928B6}.Debug|Any CPU.ActiveCfg = Debug|Any CPU
		{A5123C15-0AF7-4FE4-AC66-4472000928B6}.Debug|Any CPU.Build.0 = Debug|Any CPU
		{A5123C15-0AF7-4FE4-AC66-4472000928B6}.Release|Any CPU.ActiveCfg = Release|Any CPU
		{A5123C15-0AF7-4FE4-AC66-4472000928B6}.Release|Any CPU.Build.0 = Release|Any CPU
		{457AEF29-7837-49AE-B25D-2AD5923F4511}.Debug|Any CPU.ActiveCfg = Debug|Any CPU
		{457AEF29-7837-49AE-B25D-2AD5923F4511}.Debug|Any CPU.Build.0 = Debug|Any CPU
		{457AEF29-7837-49AE-B25D-2AD5923F4511}.Release|Any CPU.ActiveCfg = Release|Any CPU
		{457AEF29-7837-49AE-B25D-2AD5923F4511}.Release|Any CPU.Build.0 = Release|Any CPU
		{60CECCD3-FCF0-4E87-B162-6F8AB18EF61C}.Debug|Any CPU.ActiveCfg = Debug|Any CPU
		{60CECCD3-FCF0-4E87-B162-6F8AB18EF61C}.Debug|Any CPU.Build.0 = Debug|Any CPU
		{60CECCD3-FCF0-4E87-B162-6F8AB18EF61C}.Release|Any CPU.ActiveCfg = Release|Any CPU
		{60CECCD3-FCF0-4E87-B162-6F8AB18EF61C}.Release|Any CPU.Build.0 = Release|Any CPU
		{ADDE024E-317E-4BA1-B543-ABEC0F71657B}.Debug|Any CPU.ActiveCfg = Debug|Any CPU
		{ADDE024E-317E-4BA1-B543-ABEC0F71657B}.Debug|Any CPU.Build.0 = Debug|Any CPU
		{ADDE024E-317E-4BA1-B543-ABEC0F71657B}.Release|Any CPU.ActiveCfg = Release|Any CPU
		{ADDE024E-317E-4BA1-B543-ABEC0F71657B}.Release|Any CPU.Build.0 = Release|Any CPU
		{512E2356-56C1-4ECD-8B88-75C8D00CE1E4}.Debug|Any CPU.ActiveCfg = Debug|Any CPU
		{512E2356-56C1-4ECD-8B88-75C8D00CE1E4}.Debug|Any CPU.Build.0 = Debug|Any CPU
		{512E2356-56C1-4ECD-8B88-75C8D00CE1E4}.Debug|Any CPU.Deploy.0 = Debug|Any CPU
		{512E2356-56C1-4ECD-8B88-75C8D00CE1E4}.Release|Any CPU.ActiveCfg = Release|Any CPU
		{512E2356-56C1-4ECD-8B88-75C8D00CE1E4}.Release|Any CPU.Build.0 = Release|Any CPU
		{512E2356-56C1-4ECD-8B88-75C8D00CE1E4}.Release|Any CPU.Deploy.0 = Release|Any CPU
	EndGlobalSection
	GlobalSection(SolutionProperties) = preSolution
		HideSolutionNode = FALSE
	EndGlobalSection
	GlobalSection(ExtensibilityGlobals) = postSolution
		SolutionGuid = {EF160A0F-CD6C-4DDF-9E11-EF6EAAFA3A55}
	EndGlobalSection
EndGlobal
